# This file is automatically @generated by Cargo.
# It is not intended for manual editing.
version = 3

[[package]]
name = "ferrous"
version = "0.1.0"
dependencies = [
 "ferrousc_main",
]

[[package]]
name = "ferrousc_ast"
version = "0.1.0"
dependencies = [
 "ferrousc_lexer",
]

[[package]]
name = "ferrousc_lexer"
version = "0.1.0"

[[package]]
name = "ferrousc_main"
version = "0.1.0"
dependencies = [
 "ferrousc_lexer",
 "ferrousc_parser",
]

[[package]]
name = "ferrousc_parser"
version = "0.1.0"
dependencies = [
 "ferrousc_ast",
 "ferrousc_lexer",
]
