# This file is automatically @generated by Cargo.
# It is not intended for manual editing.
version = 3

[[package]]
name = "dissimilar"
version = "1.0.2"
source = "registry+https://github.com/rust-lang/crates.io-index"
checksum = "fc4b29f4b9bb94bf267d57269fd0706d343a160937108e9619fe380645428abb"

[[package]]
name = "expect-test"
version = "1.1.0"
source = "registry+https://github.com/rust-lang/crates.io-index"
checksum = "2300477aab3a378f2ca00a4fbd4dc713654ab7ed790e4017493cb33656280633"
dependencies = [
 "dissimilar",
 "once_cell",
]

[[package]]
name = "ferrous"
version = "0.1.0"
dependencies = [
 "ferrousc_main",
]

[[package]]
name = "ferrousc_ast"
version = "0.1.0"
dependencies = [
 "ferrousc_lexer",
]

[[package]]
name = "ferrousc_lexer"
version = "0.1.0"
dependencies = [
 "expect-test",
]

[[package]]
name = "ferrousc_main"
version = "0.1.0"
dependencies = [
 "ferrousc_ast",
 "ferrousc_lexer",
 "ferrousc_parser",
]

[[package]]
name = "ferrousc_parser"
version = "0.1.0"
dependencies = [
 "ferrousc_ast",
 "ferrousc_lexer",
]

[[package]]
name = "once_cell"
version = "1.8.0"
source = "registry+https://github.com/rust-lang/crates.io-index"
checksum = "692fcb63b64b1758029e0a96ee63e049ce8c5948587f2f7208df04625e5f6b56"
